
Microsoft Visual Studio Solution File, Format Version 12.00
# Visual Studio 14
VisualStudioVersion = 14.0.25420.1
MinimumVisualStudioVersion = 10.0.40219.1
Project("{FAE04EC0-301F-11D3-BF4B-00C04F79EFBC}") = "FareySequences.UnitTests", "FareySequences.UnitTests\FareySequences.UnitTests.csproj", "{BF781AAA-4256-4F5A-8BA7-575B76ECFE01}"
EndProject
Project("{FAE04EC0-301F-11D3-BF4B-00C04F79EFBC}") = "FareySequences", "FareySequences\FareySequences.csproj", "{599DD010-32C2-42B1-9C17-045857148EBB}"
EndProject
Project("{FAE04EC0-301F-11D3-BF4B-00C04F79EFBC}") = "RomanNumerals", "RomanNumerals\RomanNumerals.csproj", "{DCD40381-D99D-4412-B4E3-1BE7A73BD810}"
EndProject
Project("{FAE04EC0-301F-11D3-BF4B-00C04F79EFBC}") = "RomanNumerals.UnitTests", "RomanNumerals.UnitTests\RomanNumerals.UnitTests.csproj", "{9E4C759D-C192-4FB4-86CE-A17830DA7605}"
EndProject
Project("{FAE04EC0-301F-11D3-BF4B-00C04F79EFBC}") = "WordWrapping.UnitTests", "WordWrapping.UnitTests\WordWrapping.UnitTests.csproj", "{D06D0DC2-2C11-449B-BE65-40C752215521}"
EndProject
Project("{FAE04EC0-301F-11D3-BF4B-00C04F79EFBC}") = "WordWrapping", "WordWrapping\WordWrapping.csproj", "{984ABAA1-B273-455C-93FB-BFCE9BF86F58}"
EndProject
Global
	GlobalSection(SolutionConfigurationPlatforms) = preSolution
		Debug|Any CPU = Debug|Any CPU
		Release|Any CPU = Release|Any CPU
	EndGlobalSection
	GlobalSection(ProjectConfigurationPlatforms) = postSolution
		{BF781AAA-4256-4F5A-8BA7-575B76ECFE01}.Debug|Any CPU.ActiveCfg = Debug|Any CPU
		{BF781AAA-4256-4F5A-8BA7-575B76ECFE01}.Debug|Any CPU.Build.0 = Debug|Any CPU
		{BF781AAA-4256-4F5A-8BA7-575B76ECFE01}.Release|Any CPU.ActiveCfg = Release|Any CPU
		{BF781AAA-4256-4F5A-8BA7-575B76ECFE01}.Release|Any CPU.Build.0 = Release|Any CPU
		{599DD010-32C2-42B1-9C17-045857148EBB}.Debug|Any CPU.ActiveCfg = Debug|Any CPU
		{599DD010-32C2-42B1-9C17-045857148EBB}.Debug|Any CPU.Build.0 = Debug|Any CPU
		{599DD010-32C2-42B1-9C17-045857148EBB}.Release|Any CPU.ActiveCfg = Release|Any CPU
		{599DD010-32C2-42B1-9C17-045857148EBB}.Release|Any CPU.Build.0 = Release|Any CPU
		{DCD40381-D99D-4412-B4E3-1BE7A73BD810}.Debug|Any CPU.ActiveCfg = Debug|Any CPU
		{DCD40381-D99D-4412-B4E3-1BE7A73BD810}.Debug|Any CPU.Build.0 = Debug|Any CPU
		{DCD40381-D99D-4412-B4E3-1BE7A73BD810}.Release|Any CPU.ActiveCfg = Release|Any CPU
		{DCD40381-D99D-4412-B4E3-1BE7A73BD810}.Release|Any CPU.Build.0 = Release|Any CPU
		{9E4C759D-C192-4FB4-86CE-A17830DA7605}.Debug|Any CPU.ActiveCfg = Debug|Any CPU
		{9E4C759D-C192-4FB4-86CE-A17830DA7605}.Debug|Any CPU.Build.0 = Debug|Any CPU
		{9E4C759D-C192-4FB4-86CE-A17830DA7605}.Release|Any CPU.ActiveCfg = Release|Any CPU
		{9E4C759D-C192-4FB4-86CE-A17830DA7605}.Release|Any CPU.Build.0 = Release|Any CPU
		{D06D0DC2-2C11-449B-BE65-40C752215521}.Debug|Any CPU.ActiveCfg = Debug|Any CPU
		{D06D0DC2-2C11-449B-BE65-40C752215521}.Debug|Any CPU.Build.0 = Debug|Any CPU
		{D06D0DC2-2C11-449B-BE65-40C752215521}.Release|Any CPU.ActiveCfg = Release|Any CPU
		{D06D0DC2-2C11-449B-BE65-40C752215521}.Release|Any CPU.Build.0 = Release|Any CPU
		{984ABAA1-B273-455C-93FB-BFCE9BF86F58}.Debug|Any CPU.ActiveCfg = Debug|Any CPU
		{984ABAA1-B273-455C-93FB-BFCE9BF86F58}.Debug|Any CPU.Build.0 = Debug|Any CPU
		{984ABAA1-B273-455C-93FB-BFCE9BF86F58}.Release|Any CPU.ActiveCfg = Release|Any CPU
		{984ABAA1-B273-455C-93FB-BFCE9BF86F58}.Release|Any CPU.Build.0 = Release|Any CPU
	EndGlobalSection
	GlobalSection(SolutionProperties) = preSolution
		HideSolutionNode = FALSE
	EndGlobalSection
EndGlobal
